
Microsoft Visual Studio Solution File, Format Version 12.00
# Visual Studio Version 16
VisualStudioVersion = 16.0.30717.126
MinimumVisualStudioVersion = 10.0.40219.1
Project("{FAE04EC0-301F-11D3-BF4B-00C04F79EFBC}") = "AdventOfCode", "AdventOfCode\AdventOfCode.csproj", "{2A37BA03-1C47-4C60-9472-68132B9A737D}"
EndProject
Global
	GlobalSection(SolutionConfigurationPlatforms) = preSolution
		Debug|Any CPU = Debug|Any CPU
		Release|Any CPU = Release|Any CPU
	EndGlobalSection
	GlobalSection(ProjectConfigurationPlatforms) = postSolution
		{2A37BA03-1C47-4C60-9472-68132B9A737D}.Debug|Any CPU.ActiveCfg = Debug|Any CPU
		{2A37BA03-1C47-4C60-9472-68132B9A737D}.Debug|Any CPU.Build.0 = Debug|Any CPU
		{2A37BA03-1C47-4C60-9472-68132B9A737D}.Release|Any CPU.ActiveCfg = Release|Any CPU
		{2A37BA03-1C47-4C60-9472-68132B9A737D}.Release|Any CPU.Build.0 = Release|Any CPU
	EndGlobalSection
	GlobalSection(SolutionProperties) = preSolution
		HideSolutionNode = FALSE
	EndGlobalSection
	GlobalSection(ExtensibilityGlobals) = postSolution
		SolutionGuid = {87A91E18-68BF-4079-94EB-12120EE99D37}
	EndGlobalSection
EndGlobal
